<Solution>
  <Project Path="../../../AI/.Net10/GeneratorTool/GeneratorTool/GeneratorTool.csproj" />
  <Project Path="Employee-Core10-API/Invoice-Core10-API.csproj" />
  <Project Path="Invoice.DAL.Test/Invoice.DAL.Test.csproj" Id="00784b26-8d12-4dfe-9f8d-3ee7da460516" />
  <Project Path="Invoice.DAL/Invoice.DAL.csproj" Id="4baf3173-c5d6-4249-bd81-d3a15b2c9dc2" />
  <Project Path="Invoice.Data/Invoice.Data.csproj" Id="1a3f2d6f-0c4d-43ae-bc8c-dbfeae88b548" />
  <Project Path="Invoice.DTOs/Invoice.DTOs.csproj" Id="a57375a2-b5bd-47c4-8ed4-a9f512e8124a" />
  <Project Path="Invoice.Model/Invoice.Model.csproj" Id="61789b1d-185b-45d5-aa70-6563a136a409" />
</Solution>
