<Solution>
  <Project Path="Employee-Core10-API/Invoice-Core10-API.csproj" />
  <Project Path="Invoice.BAL.Test/Invoice.BAL.Test.csproj" Id="c98da3fa-9e6b-4cae-95a4-34c75f5eea3b" />
  <Project Path="Invoice.BAL/Invoice.BAL.csproj" Id="df62dcdb-622a-44a0-9590-b62be11947b5" />
  <Project Path="Invoice.CoreAPI.Test/Invoice.CoreAPI.Test.csproj" Id="960d7c05-7d71-4562-aff1-2a0da6f7e54f" />
  <Project Path="Invoice.CoreAPI/Invoice.CoreAPI.csproj" Id="583fa02f-b838-43c2-9b2d-2d08de020ba7" />
  <Project Path="Invoice.DAL.Test/Invoice.DAL.Test.csproj" Id="00784b26-8d12-4dfe-9f8d-3ee7da460516" />
  <Project Path="Invoice.DAL/Invoice.DAL.csproj" Id="4baf3173-c5d6-4249-bd81-d3a15b2c9dc2" />
  <Project Path="Invoice.Data/Invoice.Data.csproj" Id="1a3f2d6f-0c4d-43ae-bc8c-dbfeae88b548" />
  <Project Path="Invoice.DTOs/Invoice.DTOs.csproj" Id="a57375a2-b5bd-47c4-8ed4-a9f512e8124a" />
  <Project Path="Invoice.Model/Invoice.Model.csproj" Id="61789b1d-185b-45d5-aa70-6563a136a409" />
</Solution>
